// !$*UTF8*$!
{
	archiveVersion = 1;
	classes = {
	};
	objectVersion = 48;
	objects = {

/* Begin PBXBuildFile section */
		4D57007A3C9A19F3128D99C8 /* Pods_BulkrUITests.framework in Frameworks */ = {isa = PBXBuildFile; fileRef = B3D9D608BD173EF0503D4707 /* Pods_BulkrUITests.framework */; };
		4EA8B7A73D872B0525CC48A9 /* Pods_Bulkr.framework in Frameworks */ = {isa = PBXBuildFile; fileRef = 99275DD0B755752DEEAB526C /* Pods_Bulkr.framework */; };
		6C140F4E1FF3E17800EBBADE /* LoginViewController.swift in Sources */ = {isa = PBXBuildFile; fileRef = 6C140F4D1FF3E17800EBBADE /* LoginViewController.swift */; };
		6C140F501FF4106200EBBADE /* RegisterViewController.swift in Sources */ = {isa = PBXBuildFile; fileRef = 6C140F4F1FF4106200EBBADE /* RegisterViewController.swift */; };
		6C140F531FF4191900EBBADE /* TextFieldExtension.swift in Sources */ = {isa = PBXBuildFile; fileRef = 6C140F521FF4191900EBBADE /* TextFieldExtension.swift */; };
		6C140F551FF41D3A00EBBADE /* UserService.swift in Sources */ = {isa = PBXBuildFile; fileRef = 6C140F541FF41D3A00EBBADE /* UserService.swift */; };
		6C28742A1FEDD61200B64158 /* FeedViewController.swift in Sources */ = {isa = PBXBuildFile; fileRef = 6C2874291FEDD61200B64158 /* FeedViewController.swift */; };
		6C2FAC441FF268D7004F8ABD /* PostTableCell.swift in Sources */ = {isa = PBXBuildFile; fileRef = 6C2FAC431FF268D7004F8ABD /* PostTableCell.swift */; };
		6C2FAC461FF27B66004F8ABD /* CardView.swift in Sources */ = {isa = PBXBuildFile; fileRef = 6C2FAC451FF27B66004F8ABD /* CardView.swift */; };
		6C36B4D71FF50F7B00FF4ED2 /* SearchUserCell.swift in Sources */ = {isa = PBXBuildFile; fileRef = 6C36B4D61FF50F7B00FF4ED2 /* SearchUserCell.swift */; };
		6C36B4D91FF5324000FF4ED2 /* OtherProfileViewController.swift in Sources */ = {isa = PBXBuildFile; fileRef = 6C36B4D81FF5324000FF4ED2 /* OtherProfileViewController.swift */; };
		6C452A221FF468B200C474C3 /* SearchViewController.swift in Sources */ = {isa = PBXBuildFile; fileRef = 6C452A211FF468B200C474C3 /* SearchViewController.swift */; };
		6C45E6271FEC04300064A2F0 /* PostService.swift in Sources */ = {isa = PBXBuildFile; fileRef = 6C45E6261FEC04300064A2F0 /* PostService.swift */; };
		6C45E62B1FEC06790064A2F0 /* User.swift in Sources */ = {isa = PBXBuildFile; fileRef = 6C45E62A1FEC06790064A2F0 /* User.swift */; };
		6C45E62D1FEC0B210064A2F0 /* Post.swift in Sources */ = {isa = PBXBuildFile; fileRef = 6C45E62C1FEC0B210064A2F0 /* Post.swift */; };
		6C45E62F1FEC30820064A2F0 /* Image.swift in Sources */ = {isa = PBXBuildFile; fileRef = 6C45E62E1FEC30820064A2F0 /* Image.swift */; };
		6C45E6311FEC39D60064A2F0 /* ProfileViewController.swift in Sources */ = {isa = PBXBuildFile; fileRef = 6C45E6301FEC39D60064A2F0 /* ProfileViewController.swift */; };
		6C45E6341FEC3E210064A2F0 /* PostCell.swift in Sources */ = {isa = PBXBuildFile; fileRef = 6C45E6331FEC3E210064A2F0 /* PostCell.swift */; };
		6C4AB8EC1FED21CF000A5708 /* Alamofire.framework in Frameworks */ = {isa = PBXBuildFile; fileRef = 6C4AB8EF1FED21CF000A5708 /* Alamofire.framework */; };
		6C4AB8ED1FED21CF000A5708 /* AlamofireObjectMapper.framework in Frameworks */ = {isa = PBXBuildFile; fileRef = 6C4AB8F01FED21CF000A5708 /* AlamofireObjectMapper.framework */; };
		6C4AB8EE1FED21CF000A5708 /* ObjectMapper.framework in Frameworks */ = {isa = PBXBuildFile; fileRef = 6C4AB8F11FED21CF000A5708 /* ObjectMapper.framework */; };
		6C4AB8F41FEDC21F000A5708 /* AddPostViewController.swift in Sources */ = {isa = PBXBuildFile; fileRef = 6C4AB8F31FEDC21F000A5708 /* AddPostViewController.swift */; };
		6C4DE30C1FEBD3EE00B6D786 /* AppDelegate.swift in Sources */ = {isa = PBXBuildFile; fileRef = 6C4DE30B1FEBD3EE00B6D786 /* AppDelegate.swift */; };
		6C4DE3131FEBD3EE00B6D786 /* Main.storyboard in Resources */ = {isa = PBXBuildFile; fileRef = 6C4DE3111FEBD3EE00B6D786 /* Main.storyboard */; };
		6C4DE3151FEBD3EE00B6D786 /* Assets.xcassets in Resources */ = {isa = PBXBuildFile; fileRef = 6C4DE3141FEBD3EE00B6D786 /* Assets.xcassets */; };
		6C4DE3181FEBD3EE00B6D786 /* LaunchScreen.storyboard in Resources */ = {isa = PBXBuildFile; fileRef = 6C4DE3161FEBD3EE00B6D786 /* LaunchScreen.storyboard */; };
		6C4DE3231FEBD3EE00B6D786 /* BulkrUITests.swift in Sources */ = {isa = PBXBuildFile; fileRef = 6C4DE3221FEBD3EE00B6D786 /* BulkrUITests.swift */; };
		6C534B831FF3051100E90522 /* SavesViewController.swift in Sources */ = {isa = PBXBuildFile; fileRef = 6C534B821FF3051100E90522 /* SavesViewController.swift */; };
/* End PBXBuildFile section */

/* Begin PBXContainerItemProxy section */
		6C4DE31F1FEBD3EE00B6D786 /* PBXContainerItemProxy */ = {
			isa = PBXContainerItemProxy;
			containerPortal = 6C4DE3001FEBD3EE00B6D786 /* Project object */;
			proxyType = 1;
			remoteGlobalIDString = 6C4DE3071FEBD3EE00B6D786;
			remoteInfo = Bulkr;
		};
/* End PBXContainerItemProxy section */

/* Begin PBXFileReference section */
		314C3FB2244DBE011210B4AC /* Pods-BulkrUITests.debug.xcconfig */ = {isa = PBXFileReference; includeInIndex = 1; lastKnownFileType = text.xcconfig; name = "Pods-BulkrUITests.debug.xcconfig"; path = "Pods/Target Support Files/Pods-BulkrUITests/Pods-BulkrUITests.debug.xcconfig"; sourceTree = "<group>"; };
		6C140F4D1FF3E17800EBBADE /* LoginViewController.swift */ = {isa = PBXFileReference; lastKnownFileType = sourcecode.swift; path = LoginViewController.swift; sourceTree = "<group>"; };
		6C140F4F1FF4106200EBBADE /* RegisterViewController.swift */ = {isa = PBXFileReference; lastKnownFileType = sourcecode.swift; path = RegisterViewController.swift; sourceTree = "<group>"; };
		6C140F521FF4191900EBBADE /* TextFieldExtension.swift */ = {isa = PBXFileReference; lastKnownFileType = sourcecode.swift; path = TextFieldExtension.swift; sourceTree = "<group>"; };
		6C140F541FF41D3A00EBBADE /* UserService.swift */ = {isa = PBXFileReference; lastKnownFileType = sourcecode.swift; path = UserService.swift; sourceTree = "<group>"; };
		6C2874291FEDD61200B64158 /* FeedViewController.swift */ = {isa = PBXFileReference; lastKnownFileType = sourcecode.swift; path = FeedViewController.swift; sourceTree = "<group>"; };
		6C2FAC431FF268D7004F8ABD /* PostTableCell.swift */ = {isa = PBXFileReference; lastKnownFileType = sourcecode.swift; path = PostTableCell.swift; sourceTree = "<group>"; };
		6C2FAC451FF27B66004F8ABD /* CardView.swift */ = {isa = PBXFileReference; lastKnownFileType = sourcecode.swift; path = CardView.swift; sourceTree = "<group>"; };
		6C36B4D61FF50F7B00FF4ED2 /* SearchUserCell.swift */ = {isa = PBXFileReference; lastKnownFileType = sourcecode.swift; path = SearchUserCell.swift; sourceTree = "<group>"; };
		6C36B4D81FF5324000FF4ED2 /* OtherProfileViewController.swift */ = {isa = PBXFileReference; lastKnownFileType = sourcecode.swift; path = OtherProfileViewController.swift; sourceTree = "<group>"; };
		6C452A211FF468B200C474C3 /* SearchViewController.swift */ = {isa = PBXFileReference; lastKnownFileType = sourcecode.swift; path = SearchViewController.swift; sourceTree = "<group>"; };
		6C45E6261FEC04300064A2F0 /* PostService.swift */ = {isa = PBXFileReference; lastKnownFileType = sourcecode.swift; path = PostService.swift; sourceTree = "<group>"; };
		6C45E62A1FEC06790064A2F0 /* User.swift */ = {isa = PBXFileReference; lastKnownFileType = sourcecode.swift; path = User.swift; sourceTree = "<group>"; };
		6C45E62C1FEC0B210064A2F0 /* Post.swift */ = {isa = PBXFileReference; lastKnownFileType = sourcecode.swift; path = Post.swift; sourceTree = "<group>"; };
		6C45E62E1FEC30820064A2F0 /* Image.swift */ = {isa = PBXFileReference; lastKnownFileType = sourcecode.swift; path = Image.swift; sourceTree = "<group>"; };
		6C45E6301FEC39D60064A2F0 /* ProfileViewController.swift */ = {isa = PBXFileReference; lastKnownFileType = sourcecode.swift; path = ProfileViewController.swift; sourceTree = "<group>"; };
		6C45E6331FEC3E210064A2F0 /* PostCell.swift */ = {isa = PBXFileReference; lastKnownFileType = sourcecode.swift; path = PostCell.swift; sourceTree = "<group>"; };
		6C4AB8EF1FED21CF000A5708 /* Alamofire.framework */ = {isa = PBXFileReference; explicitFileType = wrapper.framework; path = Alamofire.framework; sourceTree = BUILT_PRODUCTS_DIR; };
		6C4AB8F01FED21CF000A5708 /* AlamofireObjectMapper.framework */ = {isa = PBXFileReference; explicitFileType = wrapper.framework; path = AlamofireObjectMapper.framework; sourceTree = BUILT_PRODUCTS_DIR; };
		6C4AB8F11FED21CF000A5708 /* ObjectMapper.framework */ = {isa = PBXFileReference; explicitFileType = wrapper.framework; path = ObjectMapper.framework; sourceTree = BUILT_PRODUCTS_DIR; };
		6C4AB8F31FEDC21F000A5708 /* AddPostViewController.swift */ = {isa = PBXFileReference; lastKnownFileType = sourcecode.swift; path = AddPostViewController.swift; sourceTree = "<group>"; };
		6C4DE3081FEBD3EE00B6D786 /* Bulkr.app */ = {isa = PBXFileReference; explicitFileType = wrapper.application; includeInIndex = 0; path = Bulkr.app; sourceTree = BUILT_PRODUCTS_DIR; };
		6C4DE30B1FEBD3EE00B6D786 /* AppDelegate.swift */ = {isa = PBXFileReference; lastKnownFileType = sourcecode.swift; path = AppDelegate.swift; sourceTree = "<group>"; };
		6C4DE3121FEBD3EE00B6D786 /* Base */ = {isa = PBXFileReference; lastKnownFileType = file.storyboard; name = Base; path = Base.lproj/Main.storyboard; sourceTree = "<group>"; };
		6C4DE3141FEBD3EE00B6D786 /* Assets.xcassets */ = {isa = PBXFileReference; lastKnownFileType = folder.assetcatalog; path = Assets.xcassets; sourceTree = "<group>"; };
		6C4DE3171FEBD3EE00B6D786 /* Base */ = {isa = PBXFileReference; lastKnownFileType = file.storyboard; name = Base; path = Base.lproj/LaunchScreen.storyboard; sourceTree = "<group>"; };
		6C4DE3191FEBD3EE00B6D786 /* Info.plist */ = {isa = PBXFileReference; lastKnownFileType = text.plist.xml; path = Info.plist; sourceTree = "<group>"; };
		6C4DE31E1FEBD3EE00B6D786 /* BulkrUITests.xctest */ = {isa = PBXFileReference; explicitFileType = wrapper.cfbundle; includeInIndex = 0; path = BulkrUITests.xctest; sourceTree = BUILT_PRODUCTS_DIR; };
		6C4DE3221FEBD3EE00B6D786 /* BulkrUITests.swift */ = {isa = PBXFileReference; lastKnownFileType = sourcecode.swift; path = BulkrUITests.swift; sourceTree = "<group>"; };
		6C4DE3241FEBD3EE00B6D786 /* Info.plist */ = {isa = PBXFileReference; lastKnownFileType = text.plist.xml; path = Info.plist; sourceTree = "<group>"; };
		6C534B821FF3051100E90522 /* SavesViewController.swift */ = {isa = PBXFileReference; lastKnownFileType = sourcecode.swift; path = SavesViewController.swift; sourceTree = "<group>"; };
		768F6D9EBF92507C730F9E16 /* Pods-Bulkr.release.xcconfig */ = {isa = PBXFileReference; includeInIndex = 1; lastKnownFileType = text.xcconfig; name = "Pods-Bulkr.release.xcconfig"; path = "Pods/Target Support Files/Pods-Bulkr/Pods-Bulkr.release.xcconfig"; sourceTree = "<group>"; };
		99275DD0B755752DEEAB526C /* Pods_Bulkr.framework */ = {isa = PBXFileReference; explicitFileType = wrapper.framework; includeInIndex = 0; path = Pods_Bulkr.framework; sourceTree = BUILT_PRODUCTS_DIR; };
		B3D9D608BD173EF0503D4707 /* Pods_BulkrUITests.framework */ = {isa = PBXFileReference; explicitFileType = wrapper.framework; includeInIndex = 0; path = Pods_BulkrUITests.framework; sourceTree = BUILT_PRODUCTS_DIR; };
		CB5BBE5713E7FF3D42F8BF90 /* Pods-BulkrUITests.release.xcconfig */ = {isa = PBXFileReference; includeInIndex = 1; lastKnownFileType = text.xcconfig; name = "Pods-BulkrUITests.release.xcconfig"; path = "Pods/Target Support Files/Pods-BulkrUITests/Pods-BulkrUITests.release.xcconfig"; sourceTree = "<group>"; };
		EAAD2902113293C4BC06F945 /* Pods-Bulkr.debug.xcconfig */ = {isa = PBXFileReference; includeInIndex = 1; lastKnownFileType = text.xcconfig; name = "Pods-Bulkr.debug.xcconfig"; path = "Pods/Target Support Files/Pods-Bulkr/Pods-Bulkr.debug.xcconfig"; sourceTree = "<group>"; };
/* End PBXFileReference section */

/* Begin PBXFrameworksBuildPhase section */
		6C4DE3051FEBD3EE00B6D786 /* Frameworks */ = {
			isa = PBXFrameworksBuildPhase;
			buildActionMask = 2147483647;
			files = (
				6C4AB8EC1FED21CF000A5708 /* Alamofire.framework in Frameworks */,
				6C4AB8ED1FED21CF000A5708 /* AlamofireObjectMapper.framework in Frameworks */,
				6C4AB8EE1FED21CF000A5708 /* ObjectMapper.framework in Frameworks */,
				4EA8B7A73D872B0525CC48A9 /* Pods_Bulkr.framework in Frameworks */,
			);
			runOnlyForDeploymentPostprocessing = 0;
		};
		6C4DE31B1FEBD3EE00B6D786 /* Frameworks */ = {
			isa = PBXFrameworksBuildPhase;
			buildActionMask = 2147483647;
			files = (
				4D57007A3C9A19F3128D99C8 /* Pods_BulkrUITests.framework in Frameworks */,
			);
			runOnlyForDeploymentPostprocessing = 0;
		};
/* End PBXFrameworksBuildPhase section */

/* Begin PBXGroup section */
		6C140F511FF4190300EBBADE /* extensions */ = {
			isa = PBXGroup;
			children = (
				6C140F521FF4191900EBBADE /* TextFieldExtension.swift */,
			);
			path = extensions;
			sourceTree = "<group>";
		};
		6C45E6251FEC020F0064A2F0 /* services */ = {
			isa = PBXGroup;
			children = (
				6C45E6261FEC04300064A2F0 /* PostService.swift */,
				6C140F541FF41D3A00EBBADE /* UserService.swift */,
			);
			path = services;
			sourceTree = "<group>";
		};
		6C45E6291FEC06580064A2F0 /* models */ = {
			isa = PBXGroup;
			children = (
				6C45E62A1FEC06790064A2F0 /* User.swift */,
				6C45E62C1FEC0B210064A2F0 /* Post.swift */,
				6C45E62E1FEC30820064A2F0 /* Image.swift */,
			);
			path = models;
			sourceTree = "<group>";
		};
		6C45E6321FEC3E060064A2F0 /* views */ = {
			isa = PBXGroup;
			children = (
				6C45E6331FEC3E210064A2F0 /* PostCell.swift */,
				6C2FAC431FF268D7004F8ABD /* PostTableCell.swift */,
				6C2FAC451FF27B66004F8ABD /* CardView.swift */,
				6C36B4D61FF50F7B00FF4ED2 /* SearchUserCell.swift */,
			);
			path = views;
			sourceTree = "<group>";
		};
		6C4AB8F21FEDC1F1000A5708 /* viewcontrollers */ = {
			isa = PBXGroup;
			children = (
				6C45E6301FEC39D60064A2F0 /* ProfileViewController.swift */,
				6C4AB8F31FEDC21F000A5708 /* AddPostViewController.swift */,
				6C2874291FEDD61200B64158 /* FeedViewController.swift */,
				6C534B821FF3051100E90522 /* SavesViewController.swift */,
				6C140F4D1FF3E17800EBBADE /* LoginViewController.swift */,
				6C140F4F1FF4106200EBBADE /* RegisterViewController.swift */,
				6C452A211FF468B200C474C3 /* SearchViewController.swift */,
				6C36B4D81FF5324000FF4ED2 /* OtherProfileViewController.swift */,
			);
			path = viewcontrollers;
			sourceTree = "<group>";
		};
		6C4DE2FF1FEBD3EE00B6D786 = {
			isa = PBXGroup;
			children = (
				6C4DE30A1FEBD3EE00B6D786 /* Bulkr */,
				6C4DE3211FEBD3EE00B6D786 /* BulkrUITests */,
				6C4DE3091FEBD3EE00B6D786 /* Products */,
				DA37BC751F9C0B0D101FA34E /* Pods */,
				7716BA0CCD5BB01593254741 /* Frameworks */,
			);
			sourceTree = "<group>";
		};
		6C4DE3091FEBD3EE00B6D786 /* Products */ = {
			isa = PBXGroup;
			children = (
				6C4DE3081FEBD3EE00B6D786 /* Bulkr.app */,
				6C4DE31E1FEBD3EE00B6D786 /* BulkrUITests.xctest */,
			);
			name = Products;
			sourceTree = "<group>";
		};
		6C4DE30A1FEBD3EE00B6D786 /* Bulkr */ = {
			isa = PBXGroup;
			children = (
				6C140F511FF4190300EBBADE /* extensions */,
				6C4AB8F21FEDC1F1000A5708 /* viewcontrollers */,
				6C45E6321FEC3E060064A2F0 /* views */,
				6C45E6291FEC06580064A2F0 /* models */,
				6C45E6251FEC020F0064A2F0 /* services */,
				6C4DE30B1FEBD3EE00B6D786 /* AppDelegate.swift */,
				6C4DE3111FEBD3EE00B6D786 /* Main.storyboard */,
				6C4DE3141FEBD3EE00B6D786 /* Assets.xcassets */,
				6C4DE3161FEBD3EE00B6D786 /* LaunchScreen.storyboard */,
				6C4DE3191FEBD3EE00B6D786 /* Info.plist */,
			);
			path = Bulkr;
			sourceTree = "<group>";
		};
		6C4DE3211FEBD3EE00B6D786 /* BulkrUITests */ = {
			isa = PBXGroup;
			children = (
				6C4DE3221FEBD3EE00B6D786 /* BulkrUITests.swift */,
				6C4DE3241FEBD3EE00B6D786 /* Info.plist */,
			);
			path = BulkrUITests;
			sourceTree = "<group>";
		};
		7716BA0CCD5BB01593254741 /* Frameworks */ = {
			isa = PBXGroup;
			children = (
				6C4AB8EF1FED21CF000A5708 /* Alamofire.framework */,
				6C4AB8F01FED21CF000A5708 /* AlamofireObjectMapper.framework */,
				6C4AB8F11FED21CF000A5708 /* ObjectMapper.framework */,
				99275DD0B755752DEEAB526C /* Pods_Bulkr.framework */,
				B3D9D608BD173EF0503D4707 /* Pods_BulkrUITests.framework */,
			);
			name = Frameworks;
			sourceTree = "<group>";
		};
		DA37BC751F9C0B0D101FA34E /* Pods */ = {
			isa = PBXGroup;
			children = (
				EAAD2902113293C4BC06F945 /* Pods-Bulkr.debug.xcconfig */,
				768F6D9EBF92507C730F9E16 /* Pods-Bulkr.release.xcconfig */,
				314C3FB2244DBE011210B4AC /* Pods-BulkrUITests.debug.xcconfig */,
				CB5BBE5713E7FF3D42F8BF90 /* Pods-BulkrUITests.release.xcconfig */,
			);
			name = Pods;
			sourceTree = "<group>";
		};
/* End PBXGroup section */

/* Begin PBXNativeTarget section */
		6C4DE3071FEBD3EE00B6D786 /* Bulkr */ = {
			isa = PBXNativeTarget;
			buildConfigurationList = 6C4DE3271FEBD3EE00B6D786 /* Build configuration list for PBXNativeTarget "Bulkr" */;
			buildPhases = (
				015FFCC4A37088EEEFA67874 /* [CP] Check Pods Manifest.lock */,
				6C4DE3041FEBD3EE00B6D786 /* Sources */,
				6C4DE3051FEBD3EE00B6D786 /* Frameworks */,
				6C4DE3061FEBD3EE00B6D786 /* Resources */,
				325702D85249270D33229567 /* [CP] Embed Pods Frameworks */,
				37EAEF6D298B11235E2C4DE8 /* [CP] Copy Pods Resources */,
			);
			buildRules = (
			);
			dependencies = (
			);
			name = Bulkr;
			productName = Bulkr;
			productReference = 6C4DE3081FEBD3EE00B6D786 /* Bulkr.app */;
			productType = "com.apple.product-type.application";
		};
		6C4DE31D1FEBD3EE00B6D786 /* BulkrUITests */ = {
			isa = PBXNativeTarget;
			buildConfigurationList = 6C4DE32A1FEBD3EE00B6D786 /* Build configuration list for PBXNativeTarget "BulkrUITests" */;
			buildPhases = (
				2A3E8AE3FB37AAEC6ABC666D /* [CP] Check Pods Manifest.lock */,
				6C4DE31A1FEBD3EE00B6D786 /* Sources */,
				6C4DE31B1FEBD3EE00B6D786 /* Frameworks */,
				6C4DE31C1FEBD3EE00B6D786 /* Resources */,
				7AA0635D50B14828E4B53308 /* [CP] Embed Pods Frameworks */,
				E84C3C06DCDCF4F7AFE3412B /* [CP] Copy Pods Resources */,
			);
			buildRules = (
			);
			dependencies = (
				6C4DE3201FEBD3EE00B6D786 /* PBXTargetDependency */,
			);
			name = BulkrUITests;
			productName = BulkrUITests;
			productReference = 6C4DE31E1FEBD3EE00B6D786 /* BulkrUITests.xctest */;
			productType = "com.apple.product-type.bundle.ui-testing";
		};
/* End PBXNativeTarget section */

/* Begin PBXProject section */
		6C4DE3001FEBD3EE00B6D786 /* Project object */ = {
			isa = PBXProject;
			attributes = {
				LastSwiftUpdateCheck = 0910;
				LastUpgradeCheck = 0910;
				ORGANIZATIONNAME = "Brent Van Vosselen";
				TargetAttributes = {
					6C4DE3071FEBD3EE00B6D786 = {
						CreatedOnToolsVersion = 9.1;
						ProvisioningStyle = Automatic;
					};
					6C4DE31D1FEBD3EE00B6D786 = {
						CreatedOnToolsVersion = 9.1;
						ProvisioningStyle = Automatic;
						TestTargetID = 6C4DE3071FEBD3EE00B6D786;
					};
				};
			};
			buildConfigurationList = 6C4DE3031FEBD3EE00B6D786 /* Build configuration list for PBXProject "Bulkr" */;
			compatibilityVersion = "Xcode 8.0";
			developmentRegion = en;
			hasScannedForEncodings = 0;
			knownRegions = (
				en,
				Base,
			);
			mainGroup = 6C4DE2FF1FEBD3EE00B6D786;
			productRefGroup = 6C4DE3091FEBD3EE00B6D786 /* Products */;
			projectDirPath = "";
			projectRoot = "";
			targets = (
				6C4DE3071FEBD3EE00B6D786 /* Bulkr */,
				6C4DE31D1FEBD3EE00B6D786 /* BulkrUITests */,
			);
		};
/* End PBXProject section */

/* Begin PBXResourcesBuildPhase section */
		6C4DE3061FEBD3EE00B6D786 /* Resources */ = {
			isa = PBXResourcesBuildPhase;
			buildActionMask = 2147483647;
			files = (
				6C4DE3181FEBD3EE00B6D786 /* LaunchScreen.storyboard in Resources */,
				6C4DE3151FEBD3EE00B6D786 /* Assets.xcassets in Resources */,
				6C4DE3131FEBD3EE00B6D786 /* Main.storyboard in Resources */,
			);
			runOnlyForDeploymentPostprocessing = 0;
		};
		6C4DE31C1FEBD3EE00B6D786 /* Resources */ = {
			isa = PBXResourcesBuildPhase;
			buildActionMask = 2147483647;
			files = (
			);
			runOnlyForDeploymentPostprocessing = 0;
		};
/* End PBXResourcesBuildPhase section */

/* Begin PBXShellScriptBuildPhase section */
		015FFCC4A37088EEEFA67874 /* [CP] Check Pods Manifest.lock */ = {
			isa = PBXShellScriptBuildPhase;
			buildActionMask = 2147483647;
			files = (
			);
			inputPaths = (
				"${PODS_PODFILE_DIR_PATH}/Podfile.lock",
				"${PODS_ROOT}/Manifest.lock",
			);
			name = "[CP] Check Pods Manifest.lock";
			outputPaths = (
				"$(DERIVED_FILE_DIR)/Pods-Bulkr-checkManifestLockResult.txt",
			);
			runOnlyForDeploymentPostprocessing = 0;
			shellPath = /bin/sh;
			shellScript = "diff \"${PODS_PODFILE_DIR_PATH}/Podfile.lock\" \"${PODS_ROOT}/Manifest.lock\" > /dev/null\nif [ $? != 0 ] ; then\n    # print error to STDERR\n    echo \"error: The sandbox is not in sync with the Podfile.lock. Run 'pod install' or update your CocoaPods installation.\" >&2\n    exit 1\nfi\n# This output is used by Xcode 'outputs' to avoid re-running this script phase.\necho \"SUCCESS\" > \"${SCRIPT_OUTPUT_FILE_0}\"\n";
			showEnvVarsInLog = 0;
		};
		2A3E8AE3FB37AAEC6ABC666D /* [CP] Check Pods Manifest.lock */ = {
			isa = PBXShellScriptBuildPhase;
			buildActionMask = 2147483647;
			files = (
			);
			inputPaths = (
				"${PODS_PODFILE_DIR_PATH}/Podfile.lock",
				"${PODS_ROOT}/Manifest.lock",
			);
			name = "[CP] Check Pods Manifest.lock";
			outputPaths = (
				"$(DERIVED_FILE_DIR)/Pods-BulkrUITests-checkManifestLockResult.txt",
			);
			runOnlyForDeploymentPostprocessing = 0;
			shellPath = /bin/sh;
			shellScript = "diff \"${PODS_PODFILE_DIR_PATH}/Podfile.lock\" \"${PODS_ROOT}/Manifest.lock\" > /dev/null\nif [ $? != 0 ] ; then\n    # print error to STDERR\n    echo \"error: The sandbox is not in sync with the Podfile.lock. Run 'pod install' or update your CocoaPods installation.\" >&2\n    exit 1\nfi\n# This output is used by Xcode 'outputs' to avoid re-running this script phase.\necho \"SUCCESS\" > \"${SCRIPT_OUTPUT_FILE_0}\"\n";
			showEnvVarsInLog = 0;
		};
		325702D85249270D33229567 /* [CP] Embed Pods Frameworks */ = {
			isa = PBXShellScriptBuildPhase;
			buildActionMask = 2147483647;
			files = (
			);
			inputPaths = (
				"${SRCROOT}/Pods/Target Support Files/Pods-Bulkr/Pods-Bulkr-frameworks.sh",
				"${BUILT_PRODUCTS_DIR}/Alamofire/Alamofire.framework",
				"${BUILT_PRODUCTS_DIR}/AlamofireObjectMapper/AlamofireObjectMapper.framework",
				"${BUILT_PRODUCTS_DIR}/ObjectMapper/ObjectMapper.framework",
			);
			name = "[CP] Embed Pods Frameworks";
			outputPaths = (
				"${TARGET_BUILD_DIR}/${FRAMEWORKS_FOLDER_PATH}/Alamofire.framework",
				"${TARGET_BUILD_DIR}/${FRAMEWORKS_FOLDER_PATH}/AlamofireObjectMapper.framework",
				"${TARGET_BUILD_DIR}/${FRAMEWORKS_FOLDER_PATH}/ObjectMapper.framework",
			);
			runOnlyForDeploymentPostprocessing = 0;
			shellPath = /bin/sh;
			shellScript = "\"${SRCROOT}/Pods/Target Support Files/Pods-Bulkr/Pods-Bulkr-frameworks.sh\"\n";
			showEnvVarsInLog = 0;
		};
		37EAEF6D298B11235E2C4DE8 /* [CP] Copy Pods Resources */ = {
			isa = PBXShellScriptBuildPhase;
			buildActionMask = 2147483647;
			files = (
			);
			inputPaths = (
			);
			name = "[CP] Copy Pods Resources";
			outputPaths = (
			);
			runOnlyForDeploymentPostprocessing = 0;
			shellPath = /bin/sh;
			shellScript = "\"${SRCROOT}/Pods/Target Support Files/Pods-Bulkr/Pods-Bulkr-resources.sh\"\n";
			showEnvVarsInLog = 0;
		};
		7AA0635D50B14828E4B53308 /* [CP] Embed Pods Frameworks */ = {
			isa = PBXShellScriptBuildPhase;
			buildActionMask = 2147483647;
			files = (
			);
			inputPaths = (
			);
			name = "[CP] Embed Pods Frameworks";
			outputPaths = (
			);
			runOnlyForDeploymentPostprocessing = 0;
			shellPath = /bin/sh;
			shellScript = "\"${SRCROOT}/Pods/Target Support Files/Pods-BulkrUITests/Pods-BulkrUITests-frameworks.sh\"\n";
			showEnvVarsInLog = 0;
		};
		E84C3C06DCDCF4F7AFE3412B /* [CP] Copy Pods Resources */ = {
			isa = PBXShellScriptBuildPhase;
			buildActionMask = 2147483647;
			files = (
			);
			inputPaths = (
			);
			name = "[CP] Copy Pods Resources";
			outputPaths = (
			);
			runOnlyForDeploymentPostprocessing = 0;
			shellPath = /bin/sh;
			shellScript = "\"${SRCROOT}/Pods/Target Support Files/Pods-BulkrUITests/Pods-BulkrUITests-resources.sh\"\n";
			showEnvVarsInLog = 0;
		};
/* End PBXShellScriptBuildPhase section */

/* Begin PBXSourcesBuildPhase section */
		6C4DE3041FEBD3EE00B6D786 /* Sources */ = {
			isa = PBXSourcesBuildPhase;
			buildActionMask = 2147483647;
			files = (
				6C2FAC441FF268D7004F8ABD /* PostTableCell.swift in Sources */,
				6C45E62F1FEC30820064A2F0 /* Image.swift in Sources */,
				6C4DE30C1FEBD3EE00B6D786 /* AppDelegate.swift in Sources */,
				6C452A221FF468B200C474C3 /* SearchViewController.swift in Sources */,
				6C140F531FF4191900EBBADE /* TextFieldExtension.swift in Sources */,
				6C45E62D1FEC0B210064A2F0 /* Post.swift in Sources */,
				6C36B4D91FF5324000FF4ED2 /* OtherProfileViewController.swift in Sources */,
				6C45E6341FEC3E210064A2F0 /* PostCell.swift in Sources */,
				6C534B831FF3051100E90522 /* SavesViewController.swift in Sources */,
				6C2FAC461FF27B66004F8ABD /* CardView.swift in Sources */,
				6C4AB8F41FEDC21F000A5708 /* AddPostViewController.swift in Sources */,
				6C28742A1FEDD61200B64158 /* FeedViewController.swift in Sources */,
				6C140F501FF4106200EBBADE /* RegisterViewController.swift in Sources */,
				6C45E62B1FEC06790064A2F0 /* User.swift in Sources */,
				6C140F551FF41D3A00EBBADE /* UserService.swift in Sources */,
				6C36B4D71FF50F7B00FF4ED2 /* SearchUserCell.swift in Sources */,
				6C45E6311FEC39D60064A2F0 /* ProfileViewController.swift in Sources */,
				6C140F4E1FF3E17800EBBADE /* LoginViewController.swift in Sources */,
				6C45E6271FEC04300064A2F0 /* PostService.swift in Sources */,
			);
			runOnlyForDeploymentPostprocessing = 0;
		};
		6C4DE31A1FEBD3EE00B6D786 /* Sources */ = {
			isa = PBXSourcesBuildPhase;
			buildActionMask = 2147483647;
			files = (
				6C4DE3231FEBD3EE00B6D786 /* BulkrUITests.swift in Sources */,
			);
			runOnlyForDeploymentPostprocessing = 0;
		};
/* End PBXSourcesBuildPhase section */

/* Begin PBXTargetDependency section */
		6C4DE3201FEBD3EE00B6D786 /* PBXTargetDependency */ = {
			isa = PBXTargetDependency;
			target = 6C4DE3071FEBD3EE00B6D786 /* Bulkr */;
			targetProxy = 6C4DE31F1FEBD3EE00B6D786 /* PBXContainerItemProxy */;
		};
/* End PBXTargetDependency section */

/* Begin PBXVariantGroup section */
		6C4DE3111FEBD3EE00B6D786 /* Main.storyboard */ = {
			isa = PBXVariantGroup;
			children = (
				6C4DE3121FEBD3EE00B6D786 /* Base */,
			);
			name = Main.storyboard;
			sourceTree = "<group>";
		};
		6C4DE3161FEBD3EE00B6D786 /* LaunchScreen.storyboard */ = {
			isa = PBXVariantGroup;
			children = (
				6C4DE3171FEBD3EE00B6D786 /* Base */,
			);
			name = LaunchScreen.storyboard;
			sourceTree = "<group>";
		};
/* End PBXVariantGroup section */

/* Begin XCBuildConfiguration section */
		6C4DE3251FEBD3EE00B6D786 /* Debug */ = {
			isa = XCBuildConfiguration;
			buildSettings = {
				ALWAYS_SEARCH_USER_PATHS = NO;
				CLANG_ANALYZER_NONNULL = YES;
				CLANG_ANALYZER_NUMBER_OBJECT_CONVERSION = YES_AGGRESSIVE;
				CLANG_CXX_LANGUAGE_STANDARD = "gnu++14";
				CLANG_CXX_LIBRARY = "libc++";
				CLANG_ENABLE_MODULES = YES;
				CLANG_ENABLE_OBJC_ARC = YES;
				CLANG_WARN_BLOCK_CAPTURE_AUTORELEASING = YES;
				CLANG_WARN_BOOL_CONVERSION = YES;
				CLANG_WARN_COMMA = YES;
				CLANG_WARN_CONSTANT_CONVERSION = YES;
				CLANG_WARN_DIRECT_OBJC_ISA_USAGE = YES_ERROR;
				CLANG_WARN_DOCUMENTATION_COMMENTS = YES;
				CLANG_WARN_EMPTY_BODY = YES;
				CLANG_WARN_ENUM_CONVERSION = YES;
				CLANG_WARN_INFINITE_RECURSION = YES;
				CLANG_WARN_INT_CONVERSION = YES;
				CLANG_WARN_NON_LITERAL_NULL_CONVERSION = YES;
				CLANG_WARN_OBJC_LITERAL_CONVERSION = YES;
				CLANG_WARN_OBJC_ROOT_CLASS = YES_ERROR;
				CLANG_WARN_RANGE_LOOP_ANALYSIS = YES;
				CLANG_WARN_STRICT_PROTOTYPES = YES;
				CLANG_WARN_SUSPICIOUS_MOVE = YES;
				CLANG_WARN_UNGUARDED_AVAILABILITY = YES_AGGRESSIVE;
				CLANG_WARN_UNREACHABLE_CODE = YES;
				CLANG_WARN__DUPLICATE_METHOD_MATCH = YES;
				CODE_SIGN_IDENTITY = "iPhone Developer";
				COPY_PHASE_STRIP = NO;
				DEBUG_INFORMATION_FORMAT = dwarf;
				ENABLE_STRICT_OBJC_MSGSEND = YES;
				ENABLE_TESTABILITY = YES;
				GCC_C_LANGUAGE_STANDARD = gnu11;
				GCC_DYNAMIC_NO_PIC = NO;
				GCC_NO_COMMON_BLOCKS = YES;
				GCC_OPTIMIZATION_LEVEL = 0;
				GCC_PREPROCESSOR_DEFINITIONS = (
					"DEBUG=1",
					"$(inherited)",
				);
				GCC_WARN_64_TO_32_BIT_CONVERSION = YES;
				GCC_WARN_ABOUT_RETURN_TYPE = YES_ERROR;
				GCC_WARN_UNDECLARED_SELECTOR = YES;
				GCC_WARN_UNINITIALIZED_AUTOS = YES_AGGRESSIVE;
				GCC_WARN_UNUSED_FUNCTION = YES;
				GCC_WARN_UNUSED_VARIABLE = YES;
				IPHONEOS_DEPLOYMENT_TARGET = 11.1;
				MTL_ENABLE_DEBUG_INFO = YES;
				ONLY_ACTIVE_ARCH = YES;
				SDKROOT = iphoneos;
				SWIFT_ACTIVE_COMPILATION_CONDITIONS = DEBUG;
				SWIFT_OPTIMIZATION_LEVEL = "-Onone";
			};
			name = Debug;
		};
		6C4DE3261FEBD3EE00B6D786 /* Release */ = {
			isa = XCBuildConfiguration;
			buildSettings = {
				ALWAYS_SEARCH_USER_PATHS = NO;
				CLANG_ANALYZER_NONNULL = YES;
				CLANG_ANALYZER_NUMBER_OBJECT_CONVERSION = YES_AGGRESSIVE;
				CLANG_CXX_LANGUAGE_STANDARD = "gnu++14";
				CLANG_CXX_LIBRARY = "libc++";
				CLANG_ENABLE_MODULES = YES;
				CLANG_ENABLE_OBJC_ARC = YES;
				CLANG_WARN_BLOCK_CAPTURE_AUTORELEASING = YES;
				CLANG_WARN_BOOL_CONVERSION = YES;
				CLANG_WARN_COMMA = YES;
				CLANG_WARN_CONSTANT_CONVERSION = YES;
				CLANG_WARN_DIRECT_OBJC_ISA_USAGE = YES_ERROR;
				CLANG_WARN_DOCUMENTATION_COMMENTS = YES;
				CLANG_WARN_EMPTY_BODY = YES;
				CLANG_WARN_ENUM_CONVERSION = YES;
				CLANG_WARN_INFINITE_RECURSION = YES;
				CLANG_WARN_INT_CONVERSION = YES;
				CLANG_WARN_NON_LITERAL_NULL_CONVERSION = YES;
				CLANG_WARN_OBJC_LITERAL_CONVERSION = YES;
				CLANG_WARN_OBJC_ROOT_CLASS = YES_ERROR;
				CLANG_WARN_RANGE_LOOP_ANALYSIS = YES;
				CLANG_WARN_STRICT_PROTOTYPES = YES;
				CLANG_WARN_SUSPICIOUS_MOVE = YES;
				CLANG_WARN_UNGUARDED_AVAILABILITY = YES_AGGRESSIVE;
				CLANG_WARN_UNREACHABLE_CODE = YES;
				CLANG_WARN__DUPLICATE_METHOD_MATCH = YES;
				CODE_SIGN_IDENTITY = "iPhone Developer";
				COPY_PHASE_STRIP = NO;
				DEBUG_INFORMATION_FORMAT = "dwarf-with-dsym";
				ENABLE_NS_ASSERTIONS = NO;
				ENABLE_STRICT_OBJC_MSGSEND = YES;
				GCC_C_LANGUAGE_STANDARD = gnu11;
				GCC_NO_COMMON_BLOCKS = YES;
				GCC_WARN_64_TO_32_BIT_CONVERSION = YES;
				GCC_WARN_ABOUT_RETURN_TYPE = YES_ERROR;
				GCC_WARN_UNDECLARED_SELECTOR = YES;
				GCC_WARN_UNINITIALIZED_AUTOS = YES_AGGRESSIVE;
				GCC_WARN_UNUSED_FUNCTION = YES;
				GCC_WARN_UNUSED_VARIABLE = YES;
				IPHONEOS_DEPLOYMENT_TARGET = 11.1;
				MTL_ENABLE_DEBUG_INFO = NO;
				SDKROOT = iphoneos;
				SWIFT_OPTIMIZATION_LEVEL = "-Owholemodule";
				VALIDATE_PRODUCT = YES;
			};
			name = Release;
		};
		6C4DE3281FEBD3EE00B6D786 /* Debug */ = {
			isa = XCBuildConfiguration;
			baseConfigurationReference = EAAD2902113293C4BC06F945 /* Pods-Bulkr.debug.xcconfig */;
			buildSettings = {
				ASSETCATALOG_COMPILER_APPICON_NAME = AppIcon;
				CODE_SIGN_STYLE = Automatic;
				DEVELOPMENT_TEAM = 62D8L8TTT4;
				INFOPLIST_FILE = Bulkr/Info.plist;
				LD_RUNPATH_SEARCH_PATHS = "$(inherited) @executable_path/Frameworks";
				PRODUCT_BUNDLE_IDENTIFIER = be.brentvanvosselen.Bulkr;
				PRODUCT_NAME = "$(TARGET_NAME)";
				SWIFT_VERSION = 4.0;
				TARGETED_DEVICE_FAMILY = "1,2";
			};
			name = Debug;
		};
		6C4DE3291FEBD3EE00B6D786 /* Release */ = {
			isa = XCBuildConfiguration;
			baseConfigurationReference = 768F6D9EBF92507C730F9E16 /* Pods-Bulkr.release.xcconfig */;
			buildSettings = {
				ASSETCATALOG_COMPILER_APPICON_NAME = AppIcon;
				CODE_SIGN_STYLE = Automatic;
				DEVELOPMENT_TEAM = 62D8L8TTT4;
				INFOPLIST_FILE = Bulkr/Info.plist;
				LD_RUNPATH_SEARCH_PATHS = "$(inherited) @executable_path/Frameworks";
				PRODUCT_BUNDLE_IDENTIFIER = be.brentvanvosselen.Bulkr;
				PRODUCT_NAME = "$(TARGET_NAME)";
				SWIFT_VERSION = 4.0;
				TARGETED_DEVICE_FAMILY = "1,2";
			};
			name = Release;
		};
		6C4DE32B1FEBD3EE00B6D786 /* Debug */ = {
			isa = XCBuildConfiguration;
			baseConfigurationReference = 314C3FB2244DBE011210B4AC /* Pods-BulkrUITests.debug.xcconfig */;
			buildSettings = {
				ALWAYS_EMBED_SWIFT_STANDARD_LIBRARIES = YES;
				CODE_SIGN_STYLE = Automatic;
				DEVELOPMENT_TEAM = 62D8L8TTT4;
				INFOPLIST_FILE = BulkrUITests/Info.plist;
				LD_RUNPATH_SEARCH_PATHS = "$(inherited) @executable_path/Frameworks @loader_path/Frameworks";
				PRODUCT_BUNDLE_IDENTIFIER = be.brentvanvosselen.BulkrUITests;
				PRODUCT_NAME = "$(TARGET_NAME)";
				SWIFT_VERSION = 4.0;
				TARGETED_DEVICE_FAMILY = "1,2";
				TEST_TARGET_NAME = Bulkr;
			};
			name = Debug;
		};
		6C4DE32C1FEBD3EE00B6D786 /* Release */ = {
			isa = XCBuildConfiguration;
			baseConfigurationReference = CB5BBE5713E7FF3D42F8BF90 /* Pods-BulkrUITests.release.xcconfig */;
			buildSettings = {
				ALWAYS_EMBED_SWIFT_STANDARD_LIBRARIES = YES;
				CODE_SIGN_STYLE = Automatic;
				DEVELOPMENT_TEAM = 62D8L8TTT4;
				INFOPLIST_FILE = BulkrUITests/Info.plist;
				LD_RUNPATH_SEARCH_PATHS = "$(inherited) @executable_path/Frameworks @loader_path/Frameworks";
				PRODUCT_BUNDLE_IDENTIFIER = be.brentvanvosselen.BulkrUITests;
				PRODUCT_NAME = "$(TARGET_NAME)";
				SWIFT_VERSION = 4.0;
				TARGETED_DEVICE_FAMILY = "1,2";
				TEST_TARGET_NAME = Bulkr;
			};
			name = Release;
		};
/* End XCBuildConfiguration section */

/* Begin XCConfigurationList section */
		6C4DE3031FEBD3EE00B6D786 /* Build configuration list for PBXProject "Bulkr" */ = {
			isa = XCConfigurationList;
			buildConfigurations = (
				6C4DE3251FEBD3EE00B6D786 /* Debug */,
				6C4DE3261FEBD3EE00B6D786 /* Release */,
			);
			defaultConfigurationIsVisible = 0;
			defaultConfigurationName = Release;
		};
		6C4DE3271FEBD3EE00B6D786 /* Build configuration list for PBXNativeTarget "Bulkr" */ = {
			isa = XCConfigurationList;
			buildConfigurations = (
				6C4DE3281FEBD3EE00B6D786 /* Debug */,
				6C4DE3291FEBD3EE00B6D786 /* Release */,
			);
			defaultConfigurationIsVisible = 0;
			defaultConfigurationName = Release;
		};
		6C4DE32A1FEBD3EE00B6D786 /* Build configuration list for PBXNativeTarget "BulkrUITests" */ = {
			isa = XCConfigurationList;
			buildConfigurations = (
				6C4DE32B1FEBD3EE00B6D786 /* Debug */,
				6C4DE32C1FEBD3EE00B6D786 /* Release */,
			);
			defaultConfigurationIsVisible = 0;
			defaultConfigurationName = Release;
		};
/* End XCConfigurationList section */
	};
	rootObject = 6C4DE3001FEBD3EE00B6D786 /* Project object */;
}
